
Microsoft Visual Studio Solution File, Format Version 12.00
# Visual Studio Version 16
VisualStudioVersion = 16.0.28803.156
MinimumVisualStudioVersion = 10.0.40219.1
Project("{FAE04EC0-301F-11D3-BF4B-00C04F79EFBC}") = "StardewModdingAPI", "StardewModdingAPI.csproj", "{F1A573B0-F436-472C-AE29-0B91EA6B9F8F}"
EndProject
Global
	GlobalSection(SharedMSBuildProjectFiles) = preSolution
		..\SMAPI.Internal\SMAPI.Internal.projitems*{f1a573b0-f436-472c-ae29-0b91ea6b9f8f}*SharedItemsImports = 4
	EndGlobalSection
	GlobalSection(SolutionConfigurationPlatforms) = preSolution
		Debug|Any CPU = Debug|Any CPU
		Release|Any CPU = Release|Any CPU
	EndGlobalSection
	GlobalSection(ProjectConfigurationPlatforms) = postSolution
		{F1A573B0-F436-472C-AE29-0B91EA6B9F8F}.Debug|Any CPU.ActiveCfg = Debug|x86
		{F1A573B0-F436-472C-AE29-0B91EA6B9F8F}.Release|Any CPU.ActiveCfg = Release|x86
	EndGlobalSection
	GlobalSection(SolutionProperties) = preSolution
		HideSolutionNode = FALSE
	EndGlobalSection
	GlobalSection(ExtensibilityGlobals) = postSolution
		SolutionGuid = {82DD83B8-40C3-4BEB-82EA-84A61392732D}
	EndGlobalSection
EndGlobal
